// !$*UTF8*$!
{
	archiveVersion = 1;
	classes = {
	};
	objectVersion = 56;
	objects = {

/* Begin PBXBuildFile section */
		42ADF09D2C897BBD00349F32 /* assignment_nextbridgeApp.swift in Sources */ = {isa = PBXBuildFile; fileRef = 42ADF09C2C897BBD00349F32 /* assignment_nextbridgeApp.swift */; };
		42ADF09F2C897BBD00349F32 /* ListingsView.swift in Sources */ = {isa = PBXBuildFile; fileRef = 42ADF09E2C897BBD00349F32 /* ListingsView.swift */; };
		42ADF0A12C897BBF00349F32 /* Assets.xcassets in Resources */ = {isa = PBXBuildFile; fileRef = 42ADF0A02C897BBF00349F32 /* Assets.xcassets */; };
		42ADF0A42C897BBF00349F32 /* Preview Assets.xcassets in Resources */ = {isa = PBXBuildFile; fileRef = 42ADF0A32C897BBF00349F32 /* Preview Assets.xcassets */; };
		42ADF0AC2C897C9800349F32 /* Service.swift in Sources */ = {isa = PBXBuildFile; fileRef = 42ADF0AB2C897C9800349F32 /* Service.swift */; };
		42ADF0AF2C897CBC00349F32 /* ListingModel.swift in Sources */ = {isa = PBXBuildFile; fileRef = 42ADF0AE2C897CBC00349F32 /* ListingModel.swift */; };
		42ADF0B12C897D0100349F32 /* ListingViewModel.swift in Sources */ = {isa = PBXBuildFile; fileRef = 42ADF0B02C897D0100349F32 /* ListingViewModel.swift */; };
		42ADF0B32C897E3300349F32 /* ListingDetailView.swift in Sources */ = {isa = PBXBuildFile; fileRef = 42ADF0B22C897E3300349F32 /* ListingDetailView.swift */; };
/* End PBXBuildFile section */

/* Begin PBXFileReference section */
		42ADF0992C897BBD00349F32 /* assignment_nextbridge.app */ = {isa = PBXFileReference; explicitFileType = wrapper.application; includeInIndex = 0; path = assignment_nextbridge.app; sourceTree = BUILT_PRODUCTS_DIR; };
		42ADF09C2C897BBD00349F32 /* assignment_nextbridgeApp.swift */ = {isa = PBXFileReference; lastKnownFileType = sourcecode.swift; path = assignment_nextbridgeApp.swift; sourceTree = "<group>"; };
		42ADF09E2C897BBD00349F32 /* ListingsView.swift */ = {isa = PBXFileReference; lastKnownFileType = sourcecode.swift; path = ListingsView.swift; sourceTree = "<group>"; };
		42ADF0A02C897BBF00349F32 /* Assets.xcassets */ = {isa = PBXFileReference; lastKnownFileType = folder.assetcatalog; path = Assets.xcassets; sourceTree = "<group>"; };
		42ADF0A32C897BBF00349F32 /* Preview Assets.xcassets */ = {isa = PBXFileReference; lastKnownFileType = folder.assetcatalog; path = "Preview Assets.xcassets"; sourceTree = "<group>"; };
		42ADF0AB2C897C9800349F32 /* Service.swift */ = {isa = PBXFileReference; lastKnownFileType = sourcecode.swift; path = Service.swift; sourceTree = "<group>"; };
		42ADF0AE2C897CBC00349F32 /* ListingModel.swift */ = {isa = PBXFileReference; lastKnownFileType = sourcecode.swift; path = ListingModel.swift; sourceTree = "<group>"; };
		42ADF0B02C897D0100349F32 /* ListingViewModel.swift */ = {isa = PBXFileReference; lastKnownFileType = sourcecode.swift; path = ListingViewModel.swift; sourceTree = "<group>"; };
		42ADF0B22C897E3300349F32 /* ListingDetailView.swift */ = {isa = PBXFileReference; lastKnownFileType = sourcecode.swift; path = ListingDetailView.swift; sourceTree = "<group>"; };
/* End PBXFileReference section */

/* Begin PBXFrameworksBuildPhase section */
		42ADF0962C897BBD00349F32 /* Frameworks */ = {
			isa = PBXFrameworksBuildPhase;
			buildActionMask = 2147483647;
			files = (
			);
			runOnlyForDeploymentPostprocessing = 0;
		};
/* End PBXFrameworksBuildPhase section */

/* Begin PBXGroup section */
		42ADF0902C897BBD00349F32 = {
			isa = PBXGroup;
			children = (
				42ADF09B2C897BBD00349F32 /* assignment_nextbridge */,
				42ADF09A2C897BBD00349F32 /* Products */,
			);
			sourceTree = "<group>";
		};
		42ADF09A2C897BBD00349F32 /* Products */ = {
			isa = PBXGroup;
			children = (
				42ADF0992C897BBD00349F32 /* assignment_nextbridge.app */,
			);
			name = Products;
			sourceTree = "<group>";
		};
		42ADF09B2C897BBD00349F32 /* assignment_nextbridge */ = {
			isa = PBXGroup;
			children = (
				42ADF09C2C897BBD00349F32 /* assignment_nextbridgeApp.swift */,
				42ADF09E2C897BBD00349F32 /* ListingsView.swift */,
				42ADF0B22C897E3300349F32 /* ListingDetailView.swift */,
				42ADF0B02C897D0100349F32 /* ListingViewModel.swift */,
				42ADF0AD2C897CA600349F32 /* Models */,
				42ADF0AA2C897C6B00349F32 /* Network */,
				42ADF0A02C897BBF00349F32 /* Assets.xcassets */,
				42ADF0A22C897BBF00349F32 /* Preview Content */,
			);
			path = assignment_nextbridge;
			sourceTree = "<group>";
		};
		42ADF0A22C897BBF00349F32 /* Preview Content */ = {
			isa = PBXGroup;
			children = (
				42ADF0A32C897BBF00349F32 /* Preview Assets.xcassets */,
			);
			path = "Preview Content";
			sourceTree = "<group>";
		};
		42ADF0AA2C897C6B00349F32 /* Network */ = {
			isa = PBXGroup;
			children = (
				42ADF0AB2C897C9800349F32 /* Service.swift */,
			);
			path = Network;
			sourceTree = "<group>";
		};
		42ADF0AD2C897CA600349F32 /* Models */ = {
			isa = PBXGroup;
			children = (
				42ADF0AE2C897CBC00349F32 /* ListingModel.swift */,
			);
			path = Models;
			sourceTree = "<group>";
		};
/* End PBXGroup section */

/* Begin PBXNativeTarget section */
		42ADF0982C897BBD00349F32 /* assignment_nextbridge */ = {
			isa = PBXNativeTarget;
			buildConfigurationList = 42ADF0A72C897BBF00349F32 /* Build configuration list for PBXNativeTarget "assignment_nextbridge" */;
			buildPhases = (
				42ADF0952C897BBD00349F32 /* Sources */,
				42ADF0962C897BBD00349F32 /* Frameworks */,
				42ADF0972C897BBD00349F32 /* Resources */,
			);
			buildRules = (
			);
			dependencies = (
			);
			name = assignment_nextbridge;
			productName = assignment_nextbridge;
			productReference = 42ADF0992C897BBD00349F32 /* assignment_nextbridge.app */;
			productType = "com.apple.product-type.application";
		};
/* End PBXNativeTarget section */

/* Begin PBXProject section */
		42ADF0912C897BBD00349F32 /* Project object */ = {
			isa = PBXProject;
			attributes = {
				BuildIndependentTargetsInParallel = 1;
				LastSwiftUpdateCheck = 1510;
				LastUpgradeCheck = 1510;
				TargetAttributes = {
					42ADF0982C897BBD00349F32 = {
						CreatedOnToolsVersion = 15.1;
					};
				};
			};
			buildConfigurationList = 42ADF0942C897BBD00349F32 /* Build configuration list for PBXProject "assignment_nextbridge" */;
			compatibilityVersion = "Xcode 14.0";
			developmentRegion = en;
			hasScannedForEncodings = 0;
			knownRegions = (
				en,
				Base,
			);
			mainGroup = 42ADF0902C897BBD00349F32;
			productRefGroup = 42ADF09A2C897BBD00349F32 /* Products */;
			projectDirPath = "";
			projectRoot = "";
			targets = (
				42ADF0982C897BBD00349F32 /* assignment_nextbridge */,
			);
		};
/* End PBXProject section */

/* Begin PBXResourcesBuildPhase section */
		42ADF0972C897BBD00349F32 /* Resources */ = {
			isa = PBXResourcesBuildPhase;
			buildActionMask = 2147483647;
			files = (
				42ADF0A42C897BBF00349F32 /* Preview Assets.xcassets in Resources */,
				42ADF0A12C897BBF00349F32 /* Assets.xcassets in Resources */,
			);
			runOnlyForDeploymentPostprocessing = 0;
		};
/* End PBXResourcesBuildPhase section */

/* Begin PBXSourcesBuildPhase section */
		42ADF0952C897BBD00349F32 /* Sources */ = {
			isa = PBXSourcesBuildPhase;
			buildActionMask = 2147483647;
			files = (
				42ADF0AF2C897CBC00349F32 /* ListingModel.swift in Sources */,
				42ADF09F2C897BBD00349F32 /* ListingsView.swift in Sources */,
				42ADF0B12C897D0100349F32 /* ListingViewModel.swift in Sources */,
				42ADF09D2C897BBD00349F32 /* assignment_nextbridgeApp.swift in Sources */,
				42ADF0B32C897E3300349F32 /* ListingDetailView.swift in Sources */,
				42ADF0AC2C897C9800349F32 /* Service.swift in Sources */,
			);
			runOnlyForDeploymentPostprocessing = 0;
		};
/* End PBXSourcesBuildPhase section */

/* Begin XCBuildConfiguration section */
		42ADF0A52C897BBF00349F32 /* Debug */ = {
			isa = XCBuildConfiguration;
			buildSettings = {
				ALWAYS_SEARCH_USER_PATHS = NO;
				ASSETCATALOG_COMPILER_GENERATE_SWIFT_ASSET_SYMBOL_EXTENSIONS = YES;
				CLANG_ANALYZER_NONNULL = YES;
				CLANG_ANALYZER_NUMBER_OBJECT_CONVERSION = YES_AGGRESSIVE;
				CLANG_CXX_LANGUAGE_STANDARD = "gnu++20";
				CLANG_ENABLE_MODULES = YES;
				CLANG_ENABLE_OBJC_ARC = YES;
				CLANG_ENABLE_OBJC_WEAK = YES;
				CLANG_WARN_BLOCK_CAPTURE_AUTORELEASING = YES;
				CLANG_WARN_BOOL_CONVERSION = YES;
				CLANG_WARN_COMMA = YES;
				CLANG_WARN_CONSTANT_CONVERSION = YES;
				CLANG_WARN_DEPRECATED_OBJC_IMPLEMENTATIONS = YES;
				CLANG_WARN_DIRECT_OBJC_ISA_USAGE = YES_ERROR;
				CLANG_WARN_DOCUMENTATION_COMMENTS = YES;
				CLANG_WARN_EMPTY_BODY = YES;
				CLANG_WARN_ENUM_CONVERSION = YES;
				CLANG_WARN_INFINITE_RECURSION = YES;
				CLANG_WARN_INT_CONVERSION = YES;
				CLANG_WARN_NON_LITERAL_NULL_CONVERSION = YES;
				CLANG_WARN_OBJC_IMPLICIT_RETAIN_SELF = YES;
				CLANG_WARN_OBJC_LITERAL_CONVERSION = YES;
				CLANG_WARN_OBJC_ROOT_CLASS = YES_ERROR;
				CLANG_WARN_QUOTED_INCLUDE_IN_FRAMEWORK_HEADER = YES;
				CLANG_WARN_RANGE_LOOP_ANALYSIS = YES;
				CLANG_WARN_STRICT_PROTOTYPES = YES;
				CLANG_WARN_SUSPICIOUS_MOVE = YES;
				CLANG_WARN_UNGUARDED_AVAILABILITY = YES_AGGRESSIVE;
				CLANG_WARN_UNREACHABLE_CODE = YES;
				CLANG_WARN__DUPLICATE_METHOD_MATCH = YES;
				COPY_PHASE_STRIP = NO;
				DEBUG_INFORMATION_FORMAT = dwarf;
				ENABLE_STRICT_OBJC_MSGSEND = YES;
				ENABLE_TESTABILITY = YES;
				ENABLE_USER_SCRIPT_SANDBOXING = YES;
				GCC_C_LANGUAGE_STANDARD = gnu17;
				GCC_DYNAMIC_NO_PIC = NO;
				GCC_NO_COMMON_BLOCKS = YES;
				GCC_OPTIMIZATION_LEVEL = 0;
				GCC_PREPROCESSOR_DEFINITIONS = (
					"DEBUG=1",
					"$(inherited)",
				);
				GCC_WARN_64_TO_32_BIT_CONVERSION = YES;
				GCC_WARN_ABOUT_RETURN_TYPE = YES_ERROR;
				GCC_WARN_UNDECLARED_SELECTOR = YES;
				GCC_WARN_UNINITIALIZED_AUTOS = YES_AGGRESSIVE;
				GCC_WARN_UNUSED_FUNCTION = YES;
				GCC_WARN_UNUSED_VARIABLE = YES;
				IPHONEOS_DEPLOYMENT_TARGET = 17.2;
				LOCALIZATION_PREFERS_STRING_CATALOGS = YES;
				MTL_ENABLE_DEBUG_INFO = INCLUDE_SOURCE;
				MTL_FAST_MATH = YES;
				ONLY_ACTIVE_ARCH = YES;
				SDKROOT = iphoneos;
				SWIFT_ACTIVE_COMPILATION_CONDITIONS = "DEBUG $(inherited)";
				SWIFT_OPTIMIZATION_LEVEL = "-Onone";
			};
			name = Debug;
		};
		42ADF0A62C897BBF00349F32 /* Release */ = {
			isa = XCBuildConfiguration;
			buildSettings = {
				ALWAYS_SEARCH_USER_PATHS = NO;
				ASSETCATALOG_COMPILER_GENERATE_SWIFT_ASSET_SYMBOL_EXTENSIONS = YES;
				CLANG_ANALYZER_NONNULL = YES;
				CLANG_ANALYZER_NUMBER_OBJECT_CONVERSION = YES_AGGRESSIVE;
				CLANG_CXX_LANGUAGE_STANDARD = "gnu++20";
				CLANG_ENABLE_MODULES = YES;
				CLANG_ENABLE_OBJC_ARC = YES;
				CLANG_ENABLE_OBJC_WEAK = YES;
				CLANG_WARN_BLOCK_CAPTURE_AUTORELEASING = YES;
				CLANG_WARN_BOOL_CONVERSION = YES;
				CLANG_WARN_COMMA = YES;
				CLANG_WARN_CONSTANT_CONVERSION = YES;
				CLANG_WARN_DEPRECATED_OBJC_IMPLEMENTATIONS = YES;
				CLANG_WARN_DIRECT_OBJC_ISA_USAGE = YES_ERROR;
				CLANG_WARN_DOCUMENTATION_COMMENTS = YES;
				CLANG_WARN_EMPTY_BODY = YES;
				CLANG_WARN_ENUM_CONVERSION = YES;
				CLANG_WARN_INFINITE_RECURSION = YES;
				CLANG_WARN_INT_CONVERSION = YES;
				CLANG_WARN_NON_LITERAL_NULL_CONVERSION = YES;
				CLANG_WARN_OBJC_IMPLICIT_RETAIN_SELF = YES;
				CLANG_WARN_OBJC_LITERAL_CONVERSION = YES;
				CLANG_WARN_OBJC_ROOT_CLASS = YES_ERROR;
				CLANG_WARN_QUOTED_INCLUDE_IN_FRAMEWORK_HEADER = YES;
				CLANG_WARN_RANGE_LOOP_ANALYSIS = YES;
				CLANG_WARN_STRICT_PROTOTYPES = YES;
				CLANG_WARN_SUSPICIOUS_MOVE = YES;
				CLANG_WARN_UNGUARDED_AVAILABILITY = YES_AGGRESSIVE;
				CLANG_WARN_UNREACHABLE_CODE = YES;
				CLANG_WARN__DUPLICATE_METHOD_MATCH = YES;
				COPY_PHASE_STRIP = NO;
				DEBUG_INFORMATION_FORMAT = "dwarf-with-dsym";
				ENABLE_NS_ASSERTIONS = NO;
				ENABLE_STRICT_OBJC_MSGSEND = YES;
				ENABLE_USER_SCRIPT_SANDBOXING = YES;
				GCC_C_LANGUAGE_STANDARD = gnu17;
				GCC_NO_COMMON_BLOCKS = YES;
				GCC_WARN_64_TO_32_BIT_CONVERSION = YES;
				GCC_WARN_ABOUT_RETURN_TYPE = YES_ERROR;
				GCC_WARN_UNDECLARED_SELECTOR = YES;
				GCC_WARN_UNINITIALIZED_AUTOS = YES_AGGRESSIVE;
				GCC_WARN_UNUSED_FUNCTION = YES;
				GCC_WARN_UNUSED_VARIABLE = YES;
				IPHONEOS_DEPLOYMENT_TARGET = 17.2;
				LOCALIZATION_PREFERS_STRING_CATALOGS = YES;
				MTL_ENABLE_DEBUG_INFO = NO;
				MTL_FAST_MATH = YES;
				SDKROOT = iphoneos;
				SWIFT_COMPILATION_MODE = wholemodule;
				VALIDATE_PRODUCT = YES;
			};
			name = Release;
		};
		42ADF0A82C897BBF00349F32 /* Debug */ = {
			isa = XCBuildConfiguration;
			buildSettings = {
				ASSETCATALOG_COMPILER_APPICON_NAME = AppIcon;
				ASSETCATALOG_COMPILER_GLOBAL_ACCENT_COLOR_NAME = AccentColor;
				CODE_SIGN_STYLE = Automatic;
				CURRENT_PROJECT_VERSION = 1;
				DEVELOPMENT_ASSET_PATHS = "\"assignment_nextbridge/Preview Content\"";
				ENABLE_PREVIEWS = YES;
				GENERATE_INFOPLIST_FILE = YES;
				INFOPLIST_KEY_UIApplicationSceneManifest_Generation = YES;
				INFOPLIST_KEY_UIApplicationSupportsIndirectInputEvents = YES;
				INFOPLIST_KEY_UILaunchScreen_Generation = YES;
				INFOPLIST_KEY_UISupportedInterfaceOrientations = "UIInterfaceOrientationPortrait UIInterfaceOrientationPortraitUpsideDown";
				INFOPLIST_KEY_UISupportedInterfaceOrientations_iPad = "UIInterfaceOrientationLandscapeLeft UIInterfaceOrientationLandscapeRight UIInterfaceOrientationPortrait";
				LD_RUNPATH_SEARCH_PATHS = (
					"$(inherited)",
					"@executable_path/Frameworks",
				);
				MARKETING_VERSION = 1.0;
				PRODUCT_BUNDLE_IDENTIFIER = "com.app.kav.assignment-nextbridge";
				PRODUCT_NAME = "$(TARGET_NAME)";
				SUPPORTED_PLATFORMS = "iphoneos iphonesimulator";
				SUPPORTS_MACCATALYST = NO;
				SUPPORTS_MAC_DESIGNED_FOR_IPHONE_IPAD = NO;
				SWIFT_EMIT_LOC_STRINGS = YES;
				SWIFT_VERSION = 5.0;
				TARGETED_DEVICE_FAMILY = 1;
			};
			name = Debug;
		};
		42ADF0A92C897BBF00349F32 /* Release */ = {
			isa = XCBuildConfiguration;
			buildSettings = {
				ASSETCATALOG_COMPILER_APPICON_NAME = AppIcon;
				ASSETCATALOG_COMPILER_GLOBAL_ACCENT_COLOR_NAME = AccentColor;
				CODE_SIGN_STYLE = Automatic;
				CURRENT_PROJECT_VERSION = 1;
				DEVELOPMENT_ASSET_PATHS = "\"assignment_nextbridge/Preview Content\"";
				ENABLE_PREVIEWS = YES;
				GENERATE_INFOPLIST_FILE = YES;
				INFOPLIST_KEY_UIApplicationSceneManifest_Generation = YES;
				INFOPLIST_KEY_UIApplicationSupportsIndirectInputEvents = YES;
				INFOPLIST_KEY_UILaunchScreen_Generation = YES;
				INFOPLIST_KEY_UISupportedInterfaceOrientations = "UIInterfaceOrientationPortrait UIInterfaceOrientationPortraitUpsideDown";
				INFOPLIST_KEY_UISupportedInterfaceOrientations_iPad = "UIInterfaceOrientationLandscapeLeft UIInterfaceOrientationLandscapeRight UIInterfaceOrientationPortrait";
				LD_RUNPATH_SEARCH_PATHS = (
					"$(inherited)",
					"@executable_path/Frameworks",
				);
				MARKETING_VERSION = 1.0;
				PRODUCT_BUNDLE_IDENTIFIER = "com.app.kav.assignment-nextbridge";
				PRODUCT_NAME = "$(TARGET_NAME)";
				SUPPORTED_PLATFORMS = "iphoneos iphonesimulator";
				SUPPORTS_MACCATALYST = NO;
				SUPPORTS_MAC_DESIGNED_FOR_IPHONE_IPAD = NO;
				SWIFT_EMIT_LOC_STRINGS = YES;
				SWIFT_VERSION = 5.0;
				TARGETED_DEVICE_FAMILY = 1;
			};
			name = Release;
		};
/* End XCBuildConfiguration section */

/* Begin XCConfigurationList section */
		42ADF0942C897BBD00349F32 /* Build configuration list for PBXProject "assignment_nextbridge" */ = {
			isa = XCConfigurationList;
			buildConfigurations = (
				42ADF0A52C897BBF00349F32 /* Debug */,
				42ADF0A62C897BBF00349F32 /* Release */,
			);
			defaultConfigurationIsVisible = 0;
			defaultConfigurationName = Release;
		};
		42ADF0A72C897BBF00349F32 /* Build configuration list for PBXNativeTarget "assignment_nextbridge" */ = {
			isa = XCConfigurationList;
			buildConfigurations = (
				42ADF0A82C897BBF00349F32 /* Debug */,
				42ADF0A92C897BBF00349F32 /* Release */,
			);
			defaultConfigurationIsVisible = 0;
			defaultConfigurationName = Release;
		};
/* End XCConfigurationList section */
	};
	rootObject = 42ADF0912C897BBD00349F32 /* Project object */;
}
